{
  "name": "work-healthily",
  "version": "1.0.0",
  "lockfileVersion": 2,
  "requires": true,
  "packages": {
    "": {
      "name": "work-healthily",
      "version": "1.0.0",
      "license": "ISC",
      "dependencies": {
        "@vant/weapp": "^1.11.7",
        "weui-miniprogram": "^1.5.6"
      }
    },
    "node_modules/@vant/weapp": {
      "version": "1.11.7",
      "resolved": "https://registry.npmmirror.com/@vant/weapp/-/weapp-1.11.7.tgz",
      "integrity": "sha512-Rwn9BBnb4kHSV4XmvBicwtd42J+amEUfnFDcXJsGNPNX4a9c/DoT6YLsm4X1wB2+sQbdiQsbFBLAvGRBxCkD8g=="
    },
    "node_modules/weui-miniprogram": {
      "version": "1.5.6",
      "resolved": "https://registry.npmmirror.com/weui-miniprogram/-/weui-miniprogram-1.5.6.tgz",
      "integrity": "sha512-bGRHUdrQkFf6FzNT5UTapAMRdZQF0UP2uKu9ZR4MkPNwO3cWzlrkW8vBLxdS6k02O3VeNFATj/AsBCjHAsMBzA=="
    }
  },
  "dependencies": {
    "@vant/weapp": {
      "version": "1.11.7",
      "resolved": "https://registry.npmmirror.com/@vant/weapp/-/weapp-1.11.7.tgz",
      "integrity": "sha512-Rwn9BBnb4kHSV4XmvBicwtd42J+amEUfnFDcXJsGNPNX4a9c/DoT6YLsm4X1wB2+sQbdiQsbFBLAvGRBxCkD8g=="
    },
    "weui-miniprogram": {
      "version": "1.5.6",
      "resolved": "https://registry.npmmirror.com/weui-miniprogram/-/weui-miniprogram-1.5.6.tgz",
      "integrity": "sha512-bGRHUdrQkFf6FzNT5UTapAMRdZQF0UP2uKu9ZR4MkPNwO3cWzlrkW8vBLxdS6k02O3VeNFATj/AsBCjHAsMBzA=="
    }
  }
}
